
Microsoft Visual Studio Solution File, Format Version 11.00
# Visual Studio 2010
Project("{FAE04EC0-301F-11D3-BF4B-00C04F79EFBC}") = "Bootstrap.Branding", "Bootstrap.Branding\Bootstrap.Branding.csproj", "{870C3340-D8F8-4613-A9D7-6EB35B7C2150}"
EndProject
Global
	GlobalSection(SolutionConfigurationPlatforms) = preSolution
		Debug|Any CPU = Debug|Any CPU
		Release|Any CPU = Release|Any CPU
	EndGlobalSection
	GlobalSection(ProjectConfigurationPlatforms) = postSolution
		{870C3340-D8F8-4613-A9D7-6EB35B7C2150}.Debug|Any CPU.ActiveCfg = Debug|Any CPU
		{870C3340-D8F8-4613-A9D7-6EB35B7C2150}.Debug|Any CPU.Build.0 = Debug|Any CPU
		{870C3340-D8F8-4613-A9D7-6EB35B7C2150}.Debug|Any CPU.Deploy.0 = Debug|Any CPU
		{870C3340-D8F8-4613-A9D7-6EB35B7C2150}.Release|Any CPU.ActiveCfg = Release|Any CPU
		{870C3340-D8F8-4613-A9D7-6EB35B7C2150}.Release|Any CPU.Build.0 = Release|Any CPU
		{870C3340-D8F8-4613-A9D7-6EB35B7C2150}.Release|Any CPU.Deploy.0 = Release|Any CPU
	EndGlobalSection
	GlobalSection(SolutionProperties) = preSolution
		HideSolutionNode = FALSE
	EndGlobalSection
EndGlobal
